
Microsoft Visual Studio Solution File, Format Version 12.00
# Visual Studio Version 17
VisualStudioVersion = 17.2.32526.322
MinimumVisualStudioVersion = 10.0.40219.1
Project("{FAE04EC0-301F-11D3-BF4B-00C04F79EFBC}") = "TgenRemoter", "TgenRemoter\TgenRemoter.csproj", "{87B709F4-71C5-47E1-B556-960A5AD53717}"
EndProject
Project("{9A19103F-16F7-4668-BE54-9A1E7A4F7556}") = "TgenSerializer", "..\TgenSerializer\TgenSerializer\TgenSerializer.csproj", "{0902C51A-DF9D-4908-911E-5D74518D29BC}"
EndProject
Project("{9A19103F-16F7-4668-BE54-9A1E7A4F7556}") = "TgenNetProtocol", "..\TgenNetProtocol\TgenNetProtocol\TgenNetProtocol.csproj", "{4CA65E14-8DB9-4F1F-9DDF-3DA754FD3FA1}"
EndProject
Project("{FAE04EC0-301F-11D3-BF4B-00C04F79EFBC}") = "TgenWinForms", "..\TgenNetProtocol\TgenWinForms\TgenWinForms.csproj", "{FC16C3D5-6370-4597-B9EE-0B0DD0C6EDE9}"
EndProject
Project("{9A19103F-16F7-4668-BE54-9A1E7A4F7556}") = "LiteNetLib", "..\TgenNetProtocol\LiteNetLib\LiteNetLib.csproj", "{1867E3D1-F149-4780-9971-9EE7A8587611}"
EndProject
Project("{9A19103F-16F7-4668-BE54-9A1E7A4F7556}") = "TgenRemoteCodes", "TgenRemotePackets\TgenRemoteCodes.csproj", "{13D91E94-A516-40E2-AF92-6EC002CE4943}"
EndProject
Project("{9A19103F-16F7-4668-BE54-9A1E7A4F7556}") = "TgenRemoteServer", "TgenRemoteServer\TgenRemoteServer.csproj", "{8889800E-4D46-4A34-8972-B2A70297D75C}"
EndProject
Global
	GlobalSection(SolutionConfigurationPlatforms) = preSolution
		Debug|Any CPU = Debug|Any CPU
		Release|Any CPU = Release|Any CPU
	EndGlobalSection
	GlobalSection(ProjectConfigurationPlatforms) = postSolution
		{87B709F4-71C5-47E1-B556-960A5AD53717}.Debug|Any CPU.ActiveCfg = Debug|Any CPU
		{87B709F4-71C5-47E1-B556-960A5AD53717}.Debug|Any CPU.Build.0 = Debug|Any CPU
		{87B709F4-71C5-47E1-B556-960A5AD53717}.Release|Any CPU.ActiveCfg = Release|Any CPU
		{87B709F4-71C5-47E1-B556-960A5AD53717}.Release|Any CPU.Build.0 = Release|Any CPU
		{0902C51A-DF9D-4908-911E-5D74518D29BC}.Debug|Any CPU.ActiveCfg = Debug|Any CPU
		{0902C51A-DF9D-4908-911E-5D74518D29BC}.Debug|Any CPU.Build.0 = Debug|Any CPU
		{0902C51A-DF9D-4908-911E-5D74518D29BC}.Release|Any CPU.ActiveCfg = Release|Any CPU
		{0902C51A-DF9D-4908-911E-5D74518D29BC}.Release|Any CPU.Build.0 = Release|Any CPU
		{4CA65E14-8DB9-4F1F-9DDF-3DA754FD3FA1}.Debug|Any CPU.ActiveCfg = Debug|Any CPU
		{4CA65E14-8DB9-4F1F-9DDF-3DA754FD3FA1}.Debug|Any CPU.Build.0 = Debug|Any CPU
		{4CA65E14-8DB9-4F1F-9DDF-3DA754FD3FA1}.Release|Any CPU.ActiveCfg = Release|Any CPU
		{4CA65E14-8DB9-4F1F-9DDF-3DA754FD3FA1}.Release|Any CPU.Build.0 = Release|Any CPU
		{FC16C3D5-6370-4597-B9EE-0B0DD0C6EDE9}.Debug|Any CPU.ActiveCfg = Debug|Any CPU
		{FC16C3D5-6370-4597-B9EE-0B0DD0C6EDE9}.Debug|Any CPU.Build.0 = Debug|Any CPU
		{FC16C3D5-6370-4597-B9EE-0B0DD0C6EDE9}.Release|Any CPU.ActiveCfg = Release|Any CPU
		{FC16C3D5-6370-4597-B9EE-0B0DD0C6EDE9}.Release|Any CPU.Build.0 = Release|Any CPU
		{1867E3D1-F149-4780-9971-9EE7A8587611}.Debug|Any CPU.ActiveCfg = Debug|Any CPU
		{1867E3D1-F149-4780-9971-9EE7A8587611}.Debug|Any CPU.Build.0 = Debug|Any CPU
		{1867E3D1-F149-4780-9971-9EE7A8587611}.Release|Any CPU.ActiveCfg = Release|Any CPU
		{1867E3D1-F149-4780-9971-9EE7A8587611}.Release|Any CPU.Build.0 = Release|Any CPU
		{13D91E94-A516-40E2-AF92-6EC002CE4943}.Debug|Any CPU.ActiveCfg = Debug|Any CPU
		{13D91E94-A516-40E2-AF92-6EC002CE4943}.Debug|Any CPU.Build.0 = Debug|Any CPU
		{13D91E94-A516-40E2-AF92-6EC002CE4943}.Release|Any CPU.ActiveCfg = Release|Any CPU
		{13D91E94-A516-40E2-AF92-6EC002CE4943}.Release|Any CPU.Build.0 = Release|Any CPU
		{8889800E-4D46-4A34-8972-B2A70297D75C}.Debug|Any CPU.ActiveCfg = Debug|Any CPU
		{8889800E-4D46-4A34-8972-B2A70297D75C}.Debug|Any CPU.Build.0 = Debug|Any CPU
		{8889800E-4D46-4A34-8972-B2A70297D75C}.Release|Any CPU.ActiveCfg = Release|Any CPU
		{8889800E-4D46-4A34-8972-B2A70297D75C}.Release|Any CPU.Build.0 = Release|Any CPU
	EndGlobalSection
	GlobalSection(SolutionProperties) = preSolution
		HideSolutionNode = FALSE
	EndGlobalSection
	GlobalSection(ExtensibilityGlobals) = postSolution
		SolutionGuid = {FAF3820D-5E75-4CFF-AB22-9794FFB9901A}
	EndGlobalSection
EndGlobal
